
Microsoft Visual Studio Solution File, Format Version 12.00
# Visual Studio Version 16
VisualStudioVersion = 16.0.31112.23
MinimumVisualStudioVersion = 10.0.40219.1
Project("{FAE04EC0-301F-11D3-BF4B-00C04F79EFBC}") = "ChequePorExtenso", "ChequePorExtenso\ChequePorExtenso.csproj", "{0BC98AD0-EDF5-4877-B8BA-E5DBF0CEA236}"
EndProject
Project("{FAE04EC0-301F-11D3-BF4B-00C04F79EFBC}") = "TesteChequePorExtenso", "TesteChequePorExtenso\TesteChequePorExtenso.csproj", "{D386F94E-8E10-4578-983B-388206FA0683}"
EndProject
Global
	GlobalSection(SolutionConfigurationPlatforms) = preSolution
		Debug|Any CPU = Debug|Any CPU
		Release|Any CPU = Release|Any CPU
	EndGlobalSection
	GlobalSection(ProjectConfigurationPlatforms) = postSolution
		{0BC98AD0-EDF5-4877-B8BA-E5DBF0CEA236}.Debug|Any CPU.ActiveCfg = Debug|Any CPU
		{0BC98AD0-EDF5-4877-B8BA-E5DBF0CEA236}.Debug|Any CPU.Build.0 = Debug|Any CPU
		{0BC98AD0-EDF5-4877-B8BA-E5DBF0CEA236}.Release|Any CPU.ActiveCfg = Release|Any CPU
		{0BC98AD0-EDF5-4877-B8BA-E5DBF0CEA236}.Release|Any CPU.Build.0 = Release|Any CPU
		{D386F94E-8E10-4578-983B-388206FA0683}.Debug|Any CPU.ActiveCfg = Debug|Any CPU
		{D386F94E-8E10-4578-983B-388206FA0683}.Debug|Any CPU.Build.0 = Debug|Any CPU
		{D386F94E-8E10-4578-983B-388206FA0683}.Release|Any CPU.ActiveCfg = Release|Any CPU
		{D386F94E-8E10-4578-983B-388206FA0683}.Release|Any CPU.Build.0 = Release|Any CPU
	EndGlobalSection
	GlobalSection(SolutionProperties) = preSolution
		HideSolutionNode = FALSE
	EndGlobalSection
	GlobalSection(ExtensibilityGlobals) = postSolution
		SolutionGuid = {24DED842-AACC-476C-ADBF-2FB857BB5161}
	EndGlobalSection
EndGlobal
